
Microsoft Visual Studio Solution File, Format Version 12.00
# Visual Studio 15
VisualStudioVersion = 15.0.27428.2037
MinimumVisualStudioVersion = 10.0.40219.1
Project("{FAE04EC0-301F-11D3-BF4B-00C04F79EFBC}") = "Gma.UserActivityMonitor", "GlobalHook\Gma.UserActivityMonitor\Gma.UserActivityMonitor.csproj", "{F52AA97E-180A-40ED-8F2B-09080171D6C7}"
EndProject
Project("{FAE04EC0-301F-11D3-BF4B-00C04F79EFBC}") = "Gma.UserActivityMonitorDemo", "GlobalHook\Gma.UserActivityMonitorDemo\Gma.UserActivityMonitorDemo.csproj", "{EBA5CBDF-2049-4278-93A2-AFFD3C802715}"
EndProject
Project("{9A19103F-16F7-4668-BE54-9A1E7A4F7556}") = "LaundpadZ", "LaunchpadZ\LaundpadZ.csproj", "{DB4A3512-8491-4D35-90E4-4394EA5E8BC0}"
EndProject
Project("{FAE04EC0-301F-11D3-BF4B-00C04F79EFBC}") = "Injection", "Injection\Injection.csproj", "{5EBBB181-9CDF-4D2D-BB3A-603F20700C6F}"
EndProject
Global
	GlobalSection(SolutionConfigurationPlatforms) = preSolution
		Debug|Any CPU = Debug|Any CPU
		Release|Any CPU = Release|Any CPU
	EndGlobalSection
	GlobalSection(ProjectConfigurationPlatforms) = postSolution
		{F52AA97E-180A-40ED-8F2B-09080171D6C7}.Debug|Any CPU.ActiveCfg = Debug|Any CPU
		{F52AA97E-180A-40ED-8F2B-09080171D6C7}.Debug|Any CPU.Build.0 = Debug|Any CPU
		{F52AA97E-180A-40ED-8F2B-09080171D6C7}.Release|Any CPU.ActiveCfg = Release|Any CPU
		{F52AA97E-180A-40ED-8F2B-09080171D6C7}.Release|Any CPU.Build.0 = Release|Any CPU
		{EBA5CBDF-2049-4278-93A2-AFFD3C802715}.Debug|Any CPU.ActiveCfg = Debug|Any CPU
		{EBA5CBDF-2049-4278-93A2-AFFD3C802715}.Debug|Any CPU.Build.0 = Debug|Any CPU
		{EBA5CBDF-2049-4278-93A2-AFFD3C802715}.Release|Any CPU.ActiveCfg = Release|Any CPU
		{EBA5CBDF-2049-4278-93A2-AFFD3C802715}.Release|Any CPU.Build.0 = Release|Any CPU
		{DB4A3512-8491-4D35-90E4-4394EA5E8BC0}.Debug|Any CPU.ActiveCfg = Debug|Any CPU
		{DB4A3512-8491-4D35-90E4-4394EA5E8BC0}.Debug|Any CPU.Build.0 = Debug|Any CPU
		{DB4A3512-8491-4D35-90E4-4394EA5E8BC0}.Release|Any CPU.ActiveCfg = Release|Any CPU
		{DB4A3512-8491-4D35-90E4-4394EA5E8BC0}.Release|Any CPU.Build.0 = Release|Any CPU
		{5EBBB181-9CDF-4D2D-BB3A-603F20700C6F}.Debug|Any CPU.ActiveCfg = Debug|Any CPU
		{5EBBB181-9CDF-4D2D-BB3A-603F20700C6F}.Debug|Any CPU.Build.0 = Debug|Any CPU
		{5EBBB181-9CDF-4D2D-BB3A-603F20700C6F}.Release|Any CPU.ActiveCfg = Release|Any CPU
		{5EBBB181-9CDF-4D2D-BB3A-603F20700C6F}.Release|Any CPU.Build.0 = Release|Any CPU
	EndGlobalSection
	GlobalSection(SolutionProperties) = preSolution
		HideSolutionNode = FALSE
	EndGlobalSection
	GlobalSection(ExtensibilityGlobals) = postSolution
		SolutionGuid = {12E55A9D-BB21-480F-8CE5-F72799278E2F}
	EndGlobalSection
EndGlobal
